
Microsoft Visual Studio Solution File, Format Version 12.00
# Visual Studio Version 17
VisualStudioVersion = 17.7.34031.279
MinimumVisualStudioVersion = 10.0.40219.1
Project("{FAE04EC0-301F-11D3-BF4B-00C04F79EFBC}") = "BloodBowlGenerator", "BloodBowlGenerator\BloodBowlGenerator.csproj", "{8E1AD6B5-742B-4822-A713-66FE6F304A6B}"
EndProject
Global
	GlobalSection(SolutionConfigurationPlatforms) = preSolution
		Debug|Any CPU = Debug|Any CPU
		Release|Any CPU = Release|Any CPU
	EndGlobalSection
	GlobalSection(ProjectConfigurationPlatforms) = postSolution
		{8E1AD6B5-742B-4822-A713-66FE6F304A6B}.Debug|Any CPU.ActiveCfg = Debug|Any CPU
		{8E1AD6B5-742B-4822-A713-66FE6F304A6B}.Debug|Any CPU.Build.0 = Debug|Any CPU
		{8E1AD6B5-742B-4822-A713-66FE6F304A6B}.Release|Any CPU.ActiveCfg = Release|Any CPU
		{8E1AD6B5-742B-4822-A713-66FE6F304A6B}.Release|Any CPU.Build.0 = Release|Any CPU
	EndGlobalSection
	GlobalSection(SolutionProperties) = preSolution
		HideSolutionNode = FALSE
	EndGlobalSection
	GlobalSection(ExtensibilityGlobals) = postSolution
		SolutionGuid = {C6A7EB6E-53F0-49A4-97C8-DE045F38BECE}
	EndGlobalSection
EndGlobal
